
Microsoft Visual Studio Solution File, Format Version 12.00
# Visual Studio Version 17
VisualStudioVersion = 17.1.32210.238
MinimumVisualStudioVersion = 10.0.40219.1
Project("{9A19103F-16F7-4668-BE54-9A1E7A4F7556}") = "DZarsky.TS3Viewer2.Api", "DZarsky.TS3Viewer2.Api\DZarsky.TS3Viewer2.Api.csproj", "{6362796A-833D-4040-87EF-66C4A9968648}"
EndProject
Project("{9A19103F-16F7-4668-BE54-9A1E7A4F7556}") = "DZarsky.TS3Viewer2.Core", "DZarsky.TS3Viewer2.Core\DZarsky.TS3Viewer2.Core.csproj", "{60546916-40C7-411A-BDC0-84D53A45C868}"
EndProject
Project("{9A19103F-16F7-4668-BE54-9A1E7A4F7556}") = "DZarsky.TS3Viewer2.Domain", "DZarsky.TS3Viewer2.Domain\DZarsky.TS3Viewer2.Domain.csproj", "{34789E87-3FA4-4443-9351-80EA43054577}"
EndProject
Project("{9A19103F-16F7-4668-BE54-9A1E7A4F7556}") = "DZarsky.TS3Viewer2.Data", "DZarsky.TS3Viewer2.Data\DZarsky.TS3Viewer2.Data.csproj", "{E490A9B1-7206-4480-B506-9CF2A5A764F9}"
EndProject
Global
	GlobalSection(SolutionConfigurationPlatforms) = preSolution
		Debug|Any CPU = Debug|Any CPU
		Release|Any CPU = Release|Any CPU
	EndGlobalSection
	GlobalSection(ProjectConfigurationPlatforms) = postSolution
		{6362796A-833D-4040-87EF-66C4A9968648}.Debug|Any CPU.ActiveCfg = Debug|Any CPU
		{6362796A-833D-4040-87EF-66C4A9968648}.Debug|Any CPU.Build.0 = Debug|Any CPU
		{6362796A-833D-4040-87EF-66C4A9968648}.Release|Any CPU.ActiveCfg = Release|Any CPU
		{6362796A-833D-4040-87EF-66C4A9968648}.Release|Any CPU.Build.0 = Release|Any CPU
		{60546916-40C7-411A-BDC0-84D53A45C868}.Debug|Any CPU.ActiveCfg = Debug|Any CPU
		{60546916-40C7-411A-BDC0-84D53A45C868}.Debug|Any CPU.Build.0 = Debug|Any CPU
		{60546916-40C7-411A-BDC0-84D53A45C868}.Release|Any CPU.ActiveCfg = Release|Any CPU
		{60546916-40C7-411A-BDC0-84D53A45C868}.Release|Any CPU.Build.0 = Release|Any CPU
		{34789E87-3FA4-4443-9351-80EA43054577}.Debug|Any CPU.ActiveCfg = Debug|Any CPU
		{34789E87-3FA4-4443-9351-80EA43054577}.Debug|Any CPU.Build.0 = Debug|Any CPU
		{34789E87-3FA4-4443-9351-80EA43054577}.Release|Any CPU.ActiveCfg = Release|Any CPU
		{34789E87-3FA4-4443-9351-80EA43054577}.Release|Any CPU.Build.0 = Release|Any CPU
		{E490A9B1-7206-4480-B506-9CF2A5A764F9}.Debug|Any CPU.ActiveCfg = Debug|Any CPU
		{E490A9B1-7206-4480-B506-9CF2A5A764F9}.Debug|Any CPU.Build.0 = Debug|Any CPU
		{E490A9B1-7206-4480-B506-9CF2A5A764F9}.Release|Any CPU.ActiveCfg = Release|Any CPU
		{E490A9B1-7206-4480-B506-9CF2A5A764F9}.Release|Any CPU.Build.0 = Release|Any CPU
	EndGlobalSection
	GlobalSection(SolutionProperties) = preSolution
		HideSolutionNode = FALSE
	EndGlobalSection
	GlobalSection(ExtensibilityGlobals) = postSolution
		SolutionGuid = {01BB6599-1595-43DE-B9A3-E9F101AF2A15}
	EndGlobalSection
EndGlobal
